
Microsoft Visual Studio Solution File, Format Version 12.00
# Visual Studio Version 17
VisualStudioVersion = 17.11.35222.181
MinimumVisualStudioVersion = 10.0.40219.1
Project("{FAE04EC0-301F-11D3-BF4B-00C04F79EFBC}") = "task 2", "task 2\task 2.csproj", "{C12EFB50-4DE7-4E0E-8C2F-0949D8E3DA3C}"
EndProject
Global
	GlobalSection(SolutionConfigurationPlatforms) = preSolution
		Debug|Any CPU = Debug|Any CPU
		Release|Any CPU = Release|Any CPU
	EndGlobalSection
	GlobalSection(ProjectConfigurationPlatforms) = postSolution
		{C12EFB50-4DE7-4E0E-8C2F-0949D8E3DA3C}.Debug|Any CPU.ActiveCfg = Debug|Any CPU
		{C12EFB50-4DE7-4E0E-8C2F-0949D8E3DA3C}.Debug|Any CPU.Build.0 = Debug|Any CPU
		{C12EFB50-4DE7-4E0E-8C2F-0949D8E3DA3C}.Release|Any CPU.ActiveCfg = Release|Any CPU
		{C12EFB50-4DE7-4E0E-8C2F-0949D8E3DA3C}.Release|Any CPU.Build.0 = Release|Any CPU
	EndGlobalSection
	GlobalSection(SolutionProperties) = preSolution
		HideSolutionNode = FALSE
	EndGlobalSection
	GlobalSection(ExtensibilityGlobals) = postSolution
		SolutionGuid = {4A521A33-C5BE-4EEC-B23C-011A7BEDA22F}
	EndGlobalSection
EndGlobal
